
Microsoft Visual Studio Solution File, Format Version 11.00
# Visual Studio 2010
Project("{8BC9CEB8-8B4A-11D0-8D11-00A0C91BC942}") = "Smooth_As_Silk", "Smooth_As_Silk\Smooth_As_Silk.vcxproj", "{53BDD9E1-57FD-4DA3-BC8E-36E2016CD5A2}"
EndProject
Global
	GlobalSection(SolutionConfigurationPlatforms) = preSolution
		Debug|Win32 = Debug|Win32
		Release|Win32 = Release|Win32
	EndGlobalSection
	GlobalSection(ProjectConfigurationPlatforms) = postSolution
		{53BDD9E1-57FD-4DA3-BC8E-36E2016CD5A2}.Debug|Win32.ActiveCfg = Debug|Win32
		{53BDD9E1-57FD-4DA3-BC8E-36E2016CD5A2}.Debug|Win32.Build.0 = Debug|Win32
		{53BDD9E1-57FD-4DA3-BC8E-36E2016CD5A2}.Release|Win32.ActiveCfg = Release|Win32
		{53BDD9E1-57FD-4DA3-BC8E-36E2016CD5A2}.Release|Win32.Build.0 = Release|Win32
	EndGlobalSection
	GlobalSection(SolutionProperties) = preSolution
		HideSolutionNode = FALSE
	EndGlobalSection
EndGlobal
