
Microsoft Visual Studio Solution File, Format Version 11.00
# Visual Studio 2010
Project("{8BC9CEB8-8B4A-11D0-8D11-00A0C91BC942}") = "Let_There_Be_Widgets", "Let_There_Be_Widgets\Let_There_Be_Widgets.vcxproj", "{225F14C5-40BA-44EE-AF58-85320D6A7227}"
EndProject
Global
	GlobalSection(SolutionConfigurationPlatforms) = preSolution
		Debug|Win32 = Debug|Win32
		Release|Win32 = Release|Win32
	EndGlobalSection
	GlobalSection(ProjectConfigurationPlatforms) = postSolution
		{225F14C5-40BA-44EE-AF58-85320D6A7227}.Debug|Win32.ActiveCfg = Debug|Win32
		{225F14C5-40BA-44EE-AF58-85320D6A7227}.Debug|Win32.Build.0 = Debug|Win32
		{225F14C5-40BA-44EE-AF58-85320D6A7227}.Release|Win32.ActiveCfg = Release|Win32
		{225F14C5-40BA-44EE-AF58-85320D6A7227}.Release|Win32.Build.0 = Release|Win32
	EndGlobalSection
	GlobalSection(SolutionProperties) = preSolution
		HideSolutionNode = FALSE
	EndGlobalSection
EndGlobal
